
Microsoft Visual Studio Solution File, Format Version 12.00
# Visual Studio 15
VisualStudioVersion = 15.0.26730.16
MinimumVisualStudioVersion = 10.0.40219.1
Project("{FAE04EC0-301F-11D3-BF4B-00C04F79EFBC}") = "T1_MostFrequentNumber", "T1_MostFrequentNumber\T1_MostFrequentNumber.csproj", "{99AEA60C-0FC1-4EDE-A79D-7761410FBC13}"
EndProject
Project("{FAE04EC0-301F-11D3-BF4B-00C04F79EFBC}") = "T2_IndexOfLetters", "T2_IndexOfLetters\T2_IndexOfLetters.csproj", "{219384CA-17AD-4090-8E21-5E49561DB4FB}"
EndProject
Project("{FAE04EC0-301F-11D3-BF4B-00C04F79EFBC}") = "T3_EqualSums", "T3_EqualSums\T3_EqualSums.csproj", "{FDCF847D-9288-48A8-860D-8CCABB98CCBB}"
EndProject
Global
	GlobalSection(SolutionConfigurationPlatforms) = preSolution
		Debug|Any CPU = Debug|Any CPU
		Release|Any CPU = Release|Any CPU
	EndGlobalSection
	GlobalSection(ProjectConfigurationPlatforms) = postSolution
		{99AEA60C-0FC1-4EDE-A79D-7761410FBC13}.Debug|Any CPU.ActiveCfg = Debug|Any CPU
		{99AEA60C-0FC1-4EDE-A79D-7761410FBC13}.Debug|Any CPU.Build.0 = Debug|Any CPU
		{99AEA60C-0FC1-4EDE-A79D-7761410FBC13}.Release|Any CPU.ActiveCfg = Release|Any CPU
		{99AEA60C-0FC1-4EDE-A79D-7761410FBC13}.Release|Any CPU.Build.0 = Release|Any CPU
		{219384CA-17AD-4090-8E21-5E49561DB4FB}.Debug|Any CPU.ActiveCfg = Debug|Any CPU
		{219384CA-17AD-4090-8E21-5E49561DB4FB}.Debug|Any CPU.Build.0 = Debug|Any CPU
		{219384CA-17AD-4090-8E21-5E49561DB4FB}.Release|Any CPU.ActiveCfg = Release|Any CPU
		{219384CA-17AD-4090-8E21-5E49561DB4FB}.Release|Any CPU.Build.0 = Release|Any CPU
		{FDCF847D-9288-48A8-860D-8CCABB98CCBB}.Debug|Any CPU.ActiveCfg = Debug|Any CPU
		{FDCF847D-9288-48A8-860D-8CCABB98CCBB}.Debug|Any CPU.Build.0 = Debug|Any CPU
		{FDCF847D-9288-48A8-860D-8CCABB98CCBB}.Release|Any CPU.ActiveCfg = Release|Any CPU
		{FDCF847D-9288-48A8-860D-8CCABB98CCBB}.Release|Any CPU.Build.0 = Release|Any CPU
	EndGlobalSection
	GlobalSection(SolutionProperties) = preSolution
		HideSolutionNode = FALSE
	EndGlobalSection
	GlobalSection(ExtensibilityGlobals) = postSolution
		SolutionGuid = {9A3705ED-861C-4F58-AB40-3A2A1F887C91}
	EndGlobalSection
EndGlobal
