
Microsoft Visual Studio Solution File, Format Version 12.00
# Visual Studio 15
VisualStudioVersion = 15.0.26730.16
MinimumVisualStudioVersion = 10.0.40219.1
Project("{FAE04EC0-301F-11D3-BF4B-00C04F79EFBC}") = "T1_Greeting", "T1_Greeting\T1_Greeting.csproj", "{C01776B2-BDC0-4C93-906D-D66020BAEA61}"
EndProject
Project("{FAE04EC0-301F-11D3-BF4B-00C04F79EFBC}") = "T2_AddTwoNumbers", "T2_AddTwoNumbers\T2_AddTwoNumbers.csproj", "{375B8F95-3867-4CF8-BDD5-FB6DA5D8E4A5}"
EndProject
Project("{FAE04EC0-301F-11D3-BF4B-00C04F79EFBC}") = "T3_EmployeeData", "T3_EmployeeData\T3_EmployeeData.csproj", "{0B7662BC-D5D6-4124-9164-56414A5AD9CA}"
EndProject
Global
	GlobalSection(SolutionConfigurationPlatforms) = preSolution
		Debug|Any CPU = Debug|Any CPU
		Release|Any CPU = Release|Any CPU
	EndGlobalSection
	GlobalSection(ProjectConfigurationPlatforms) = postSolution
		{C01776B2-BDC0-4C93-906D-D66020BAEA61}.Debug|Any CPU.ActiveCfg = Debug|Any CPU
		{C01776B2-BDC0-4C93-906D-D66020BAEA61}.Debug|Any CPU.Build.0 = Debug|Any CPU
		{C01776B2-BDC0-4C93-906D-D66020BAEA61}.Release|Any CPU.ActiveCfg = Release|Any CPU
		{C01776B2-BDC0-4C93-906D-D66020BAEA61}.Release|Any CPU.Build.0 = Release|Any CPU
		{375B8F95-3867-4CF8-BDD5-FB6DA5D8E4A5}.Debug|Any CPU.ActiveCfg = Debug|Any CPU
		{375B8F95-3867-4CF8-BDD5-FB6DA5D8E4A5}.Debug|Any CPU.Build.0 = Debug|Any CPU
		{375B8F95-3867-4CF8-BDD5-FB6DA5D8E4A5}.Release|Any CPU.ActiveCfg = Release|Any CPU
		{375B8F95-3867-4CF8-BDD5-FB6DA5D8E4A5}.Release|Any CPU.Build.0 = Release|Any CPU
		{0B7662BC-D5D6-4124-9164-56414A5AD9CA}.Debug|Any CPU.ActiveCfg = Debug|Any CPU
		{0B7662BC-D5D6-4124-9164-56414A5AD9CA}.Debug|Any CPU.Build.0 = Debug|Any CPU
		{0B7662BC-D5D6-4124-9164-56414A5AD9CA}.Release|Any CPU.ActiveCfg = Release|Any CPU
		{0B7662BC-D5D6-4124-9164-56414A5AD9CA}.Release|Any CPU.Build.0 = Release|Any CPU
	EndGlobalSection
	GlobalSection(SolutionProperties) = preSolution
		HideSolutionNode = FALSE
	EndGlobalSection
	GlobalSection(ExtensibilityGlobals) = postSolution
		SolutionGuid = {3B5AC1A4-309E-454E-9CDA-D5FC02C5A8C5}
	EndGlobalSection
EndGlobal
