
Microsoft Visual Studio Solution File, Format Version 12.00
# Visual Studio 15
VisualStudioVersion = 15.0.26730.16
MinimumVisualStudioVersion = 10.0.40219.1
Project("{FAE04EC0-301F-11D3-BF4B-00C04F79EFBC}") = "T1_DebitCardNumber", "T1_DebitCardNumber\T1_DebitCardNumber.csproj", "{98A7EB40-1AE2-40A2-8740-24AB17CE2CAD}"
EndProject
Project("{FAE04EC0-301F-11D3-BF4B-00C04F79EFBC}") = "T2_RectangleArea", "T2_RectangleArea\T2_RectangleArea.csproj", "{B4D3BD64-833D-46C9-B192-47C6B25B2469}"
EndProject
Project("{FAE04EC0-301F-11D3-BF4B-00C04F79EFBC}") = "T3_MilesToKilometers", "T3_MilesToKilometers\T3_MilesToKilometers.csproj", "{435C706A-C769-44C7-847C-3355FE56CB94}"
EndProject
Project("{FAE04EC0-301F-11D3-BF4B-00C04F79EFBC}") = "T4_BeverageLabels", "T4_BeverageLabels\T4_BeverageLabels.csproj", "{1D64DD09-27E6-4B88-8D72-0AB05F58252A}"
EndProject
Project("{FAE04EC0-301F-11D3-BF4B-00C04F79EFBC}") = "T5_CharacterStats", "T5_CharacterStats\T5_CharacterStats.csproj", "{A3775D4F-B565-4A58-BD65-52E49EE767E9}"
EndProject
Global
	GlobalSection(SolutionConfigurationPlatforms) = preSolution
		Debug|Any CPU = Debug|Any CPU
		Release|Any CPU = Release|Any CPU
	EndGlobalSection
	GlobalSection(ProjectConfigurationPlatforms) = postSolution
		{98A7EB40-1AE2-40A2-8740-24AB17CE2CAD}.Debug|Any CPU.ActiveCfg = Debug|Any CPU
		{98A7EB40-1AE2-40A2-8740-24AB17CE2CAD}.Debug|Any CPU.Build.0 = Debug|Any CPU
		{98A7EB40-1AE2-40A2-8740-24AB17CE2CAD}.Release|Any CPU.ActiveCfg = Release|Any CPU
		{98A7EB40-1AE2-40A2-8740-24AB17CE2CAD}.Release|Any CPU.Build.0 = Release|Any CPU
		{B4D3BD64-833D-46C9-B192-47C6B25B2469}.Debug|Any CPU.ActiveCfg = Debug|Any CPU
		{B4D3BD64-833D-46C9-B192-47C6B25B2469}.Debug|Any CPU.Build.0 = Debug|Any CPU
		{B4D3BD64-833D-46C9-B192-47C6B25B2469}.Release|Any CPU.ActiveCfg = Release|Any CPU
		{B4D3BD64-833D-46C9-B192-47C6B25B2469}.Release|Any CPU.Build.0 = Release|Any CPU
		{435C706A-C769-44C7-847C-3355FE56CB94}.Debug|Any CPU.ActiveCfg = Debug|Any CPU
		{435C706A-C769-44C7-847C-3355FE56CB94}.Debug|Any CPU.Build.0 = Debug|Any CPU
		{435C706A-C769-44C7-847C-3355FE56CB94}.Release|Any CPU.ActiveCfg = Release|Any CPU
		{435C706A-C769-44C7-847C-3355FE56CB94}.Release|Any CPU.Build.0 = Release|Any CPU
		{1D64DD09-27E6-4B88-8D72-0AB05F58252A}.Debug|Any CPU.ActiveCfg = Debug|Any CPU
		{1D64DD09-27E6-4B88-8D72-0AB05F58252A}.Debug|Any CPU.Build.0 = Debug|Any CPU
		{1D64DD09-27E6-4B88-8D72-0AB05F58252A}.Release|Any CPU.ActiveCfg = Release|Any CPU
		{1D64DD09-27E6-4B88-8D72-0AB05F58252A}.Release|Any CPU.Build.0 = Release|Any CPU
		{A3775D4F-B565-4A58-BD65-52E49EE767E9}.Debug|Any CPU.ActiveCfg = Debug|Any CPU
		{A3775D4F-B565-4A58-BD65-52E49EE767E9}.Debug|Any CPU.Build.0 = Debug|Any CPU
		{A3775D4F-B565-4A58-BD65-52E49EE767E9}.Release|Any CPU.ActiveCfg = Release|Any CPU
		{A3775D4F-B565-4A58-BD65-52E49EE767E9}.Release|Any CPU.Build.0 = Release|Any CPU
	EndGlobalSection
	GlobalSection(SolutionProperties) = preSolution
		HideSolutionNode = FALSE
	EndGlobalSection
	GlobalSection(ExtensibilityGlobals) = postSolution
		SolutionGuid = {0497F669-215A-4C4D-A9DB-DAB3F8A16BEC}
	EndGlobalSection
EndGlobal
