
Microsoft Visual Studio Solution File, Format Version 12.00
# Visual Studio 15
VisualStudioVersion = 15.0.26730.16
MinimumVisualStudioVersion = 10.0.40219.1
Project("{FAE04EC0-301F-11D3-BF4B-00C04F79EFBC}") = "T1_MaxSequenceOfEqualElements", "T1_MaxSequenceOfEqualElements\T1_MaxSequenceOfEqualElements.csproj", "{2ABFC377-B677-4D77-8522-5FDC238B15EA}"
EndProject
Project("{FAE04EC0-301F-11D3-BF4B-00C04F79EFBC}") = "T2_ChangeList", "T2_ChangeList\T2_ChangeList.csproj", "{8B759F75-4E06-44A5-A2A9-0099149C32EF}"
EndProject
Project("{FAE04EC0-301F-11D3-BF4B-00C04F79EFBC}") = "T3_SearchForNumber", "T3_SearchForNumber\T3_SearchForNumber.csproj", "{DB907598-0767-4185-A752-2DA071BE3F97}"
EndProject
Project("{FAE04EC0-301F-11D3-BF4B-00C04F79EFBC}") = "T4_LongestIncreasingSubsequence", "T4_LongestIncreasingSubsequence\T4_LongestIncreasingSubsequence.csproj", "{3B120EF9-0383-4C39-BBA9-F159D08D0C86}"
EndProject
Project("{FAE04EC0-301F-11D3-BF4B-00C04F79EFBC}") = "T5_ArrayManipulator", "T5_ArrayManipulator\T5_ArrayManipulator.csproj", "{45DD91B5-5893-401C-85EE-BA0DCA92408C}"
EndProject
Project("{FAE04EC0-301F-11D3-BF4B-00C04F79EFBC}") = "T6_SumReversedNumbers", "T6_SumReversedNumbers\T6_SumReversedNumbers.csproj", "{C9CDBB88-BA63-4939-8FE4-BB93DE66C014}"
EndProject
Project("{FAE04EC0-301F-11D3-BF4B-00C04F79EFBC}") = "T7_BombNumbers", "T7_BombNumbers\T7_BombNumbers.csproj", "{EA32B957-1438-46F0-AC8F-46EB77DD3484}"
EndProject
Global
	GlobalSection(SolutionConfigurationPlatforms) = preSolution
		Debug|Any CPU = Debug|Any CPU
		Release|Any CPU = Release|Any CPU
	EndGlobalSection
	GlobalSection(ProjectConfigurationPlatforms) = postSolution
		{2ABFC377-B677-4D77-8522-5FDC238B15EA}.Debug|Any CPU.ActiveCfg = Debug|Any CPU
		{2ABFC377-B677-4D77-8522-5FDC238B15EA}.Debug|Any CPU.Build.0 = Debug|Any CPU
		{2ABFC377-B677-4D77-8522-5FDC238B15EA}.Release|Any CPU.ActiveCfg = Release|Any CPU
		{2ABFC377-B677-4D77-8522-5FDC238B15EA}.Release|Any CPU.Build.0 = Release|Any CPU
		{8B759F75-4E06-44A5-A2A9-0099149C32EF}.Debug|Any CPU.ActiveCfg = Debug|Any CPU
		{8B759F75-4E06-44A5-A2A9-0099149C32EF}.Debug|Any CPU.Build.0 = Debug|Any CPU
		{8B759F75-4E06-44A5-A2A9-0099149C32EF}.Release|Any CPU.ActiveCfg = Release|Any CPU
		{8B759F75-4E06-44A5-A2A9-0099149C32EF}.Release|Any CPU.Build.0 = Release|Any CPU
		{DB907598-0767-4185-A752-2DA071BE3F97}.Debug|Any CPU.ActiveCfg = Debug|Any CPU
		{DB907598-0767-4185-A752-2DA071BE3F97}.Debug|Any CPU.Build.0 = Debug|Any CPU
		{DB907598-0767-4185-A752-2DA071BE3F97}.Release|Any CPU.ActiveCfg = Release|Any CPU
		{DB907598-0767-4185-A752-2DA071BE3F97}.Release|Any CPU.Build.0 = Release|Any CPU
		{3B120EF9-0383-4C39-BBA9-F159D08D0C86}.Debug|Any CPU.ActiveCfg = Debug|Any CPU
		{3B120EF9-0383-4C39-BBA9-F159D08D0C86}.Debug|Any CPU.Build.0 = Debug|Any CPU
		{3B120EF9-0383-4C39-BBA9-F159D08D0C86}.Release|Any CPU.ActiveCfg = Release|Any CPU
		{3B120EF9-0383-4C39-BBA9-F159D08D0C86}.Release|Any CPU.Build.0 = Release|Any CPU
		{45DD91B5-5893-401C-85EE-BA0DCA92408C}.Debug|Any CPU.ActiveCfg = Debug|Any CPU
		{45DD91B5-5893-401C-85EE-BA0DCA92408C}.Debug|Any CPU.Build.0 = Debug|Any CPU
		{45DD91B5-5893-401C-85EE-BA0DCA92408C}.Release|Any CPU.ActiveCfg = Release|Any CPU
		{45DD91B5-5893-401C-85EE-BA0DCA92408C}.Release|Any CPU.Build.0 = Release|Any CPU
		{C9CDBB88-BA63-4939-8FE4-BB93DE66C014}.Debug|Any CPU.ActiveCfg = Debug|Any CPU
		{C9CDBB88-BA63-4939-8FE4-BB93DE66C014}.Debug|Any CPU.Build.0 = Debug|Any CPU
		{C9CDBB88-BA63-4939-8FE4-BB93DE66C014}.Release|Any CPU.ActiveCfg = Release|Any CPU
		{C9CDBB88-BA63-4939-8FE4-BB93DE66C014}.Release|Any CPU.Build.0 = Release|Any CPU
		{EA32B957-1438-46F0-AC8F-46EB77DD3484}.Debug|Any CPU.ActiveCfg = Debug|Any CPU
		{EA32B957-1438-46F0-AC8F-46EB77DD3484}.Debug|Any CPU.Build.0 = Debug|Any CPU
		{EA32B957-1438-46F0-AC8F-46EB77DD3484}.Release|Any CPU.ActiveCfg = Release|Any CPU
		{EA32B957-1438-46F0-AC8F-46EB77DD3484}.Release|Any CPU.Build.0 = Release|Any CPU
	EndGlobalSection
	GlobalSection(SolutionProperties) = preSolution
		HideSolutionNode = FALSE
	EndGlobalSection
	GlobalSection(ExtensibilityGlobals) = postSolution
		SolutionGuid = {F4A66701-4A05-4664-B8E9-C0FE4309399F}
	EndGlobalSection
EndGlobal
